
Microsoft Visual Studio Solution File, Format Version 12.00
# Visual Studio Version 16
VisualStudioVersion = 25.0.1706.10
MinimumVisualStudioVersion = 10.0.40219.1
Project("{FAE04EC0-301F-11D3-BF4B-00C04F79EFBC}") = "Task1", "26mayLesson\Task1.csproj", "{BDA59BBE-5DD6-4B3F-8995-D8A50F638C28}"
EndProject
Project("{FAE04EC0-301F-11D3-BF4B-00C04F79EFBC}") = "Task2", "Task2\Task2.csproj", "{EF241A4F-1086-4ADA-AA5F-FDBFA934C267}"
EndProject
Project("{FAE04EC0-301F-11D3-BF4B-00C04F79EFBC}") = "Task3", "Task3\Task3.csproj", "{7B2003D3-7738-4541-A719-112A165D3643}"
EndProject
Global
	GlobalSection(SolutionConfigurationPlatforms) = preSolution
		Debug|Any CPU = Debug|Any CPU
		Release|Any CPU = Release|Any CPU
	EndGlobalSection
	GlobalSection(ProjectConfigurationPlatforms) = postSolution
		{BDA59BBE-5DD6-4B3F-8995-D8A50F638C28}.Debug|Any CPU.ActiveCfg = Debug|Any CPU
		{BDA59BBE-5DD6-4B3F-8995-D8A50F638C28}.Debug|Any CPU.Build.0 = Debug|Any CPU
		{BDA59BBE-5DD6-4B3F-8995-D8A50F638C28}.Release|Any CPU.ActiveCfg = Release|Any CPU
		{BDA59BBE-5DD6-4B3F-8995-D8A50F638C28}.Release|Any CPU.Build.0 = Release|Any CPU
		{EF241A4F-1086-4ADA-AA5F-FDBFA934C267}.Debug|Any CPU.ActiveCfg = Debug|Any CPU
		{EF241A4F-1086-4ADA-AA5F-FDBFA934C267}.Debug|Any CPU.Build.0 = Debug|Any CPU
		{EF241A4F-1086-4ADA-AA5F-FDBFA934C267}.Release|Any CPU.ActiveCfg = Release|Any CPU
		{EF241A4F-1086-4ADA-AA5F-FDBFA934C267}.Release|Any CPU.Build.0 = Release|Any CPU
		{7B2003D3-7738-4541-A719-112A165D3643}.Debug|Any CPU.ActiveCfg = Debug|Any CPU
		{7B2003D3-7738-4541-A719-112A165D3643}.Debug|Any CPU.Build.0 = Debug|Any CPU
		{7B2003D3-7738-4541-A719-112A165D3643}.Release|Any CPU.ActiveCfg = Release|Any CPU
		{7B2003D3-7738-4541-A719-112A165D3643}.Release|Any CPU.Build.0 = Release|Any CPU
	EndGlobalSection
	GlobalSection(SolutionProperties) = preSolution
		HideSolutionNode = FALSE
	EndGlobalSection
	GlobalSection(ExtensibilityGlobals) = postSolution
		SolutionGuid = {FDB796B1-EC7B-4840-B4E6-E61FE2D7AD7C}
	EndGlobalSection
EndGlobal
